
Microsoft Visual Studio Solution File, Format Version 12.00
# Visual Studio Version 17
VisualStudioVersion = 17.1.32319.34
MinimumVisualStudioVersion = 10.0.40219.1
Project("{9A19103F-16F7-4668-BE54-9A1E7A4F7556}") = "ExpenseTracker", "ExpenseTracker\ExpenseTracker.csproj", "{D0FC0138-03A1-45B9-B531-A1272F406C74}"
EndProject
Project("{9A19103F-16F7-4668-BE54-9A1E7A4F7556}") = "ExpenseData", "ExpenseData\ExpenseData.csproj", "{98BF50F1-BD21-42D8-AD3D-DEBED082BC00}"
EndProject
Global
	GlobalSection(SolutionConfigurationPlatforms) = preSolution
		Debug|Any CPU = Debug|Any CPU
		Release|Any CPU = Release|Any CPU
	EndGlobalSection
	GlobalSection(ProjectConfigurationPlatforms) = postSolution
		{D0FC0138-03A1-45B9-B531-A1272F406C74}.Debug|Any CPU.ActiveCfg = Debug|Any CPU
		{D0FC0138-03A1-45B9-B531-A1272F406C74}.Debug|Any CPU.Build.0 = Debug|Any CPU
		{D0FC0138-03A1-45B9-B531-A1272F406C74}.Release|Any CPU.ActiveCfg = Release|Any CPU
		{D0FC0138-03A1-45B9-B531-A1272F406C74}.Release|Any CPU.Build.0 = Release|Any CPU
		{98BF50F1-BD21-42D8-AD3D-DEBED082BC00}.Debug|Any CPU.ActiveCfg = Debug|Any CPU
		{98BF50F1-BD21-42D8-AD3D-DEBED082BC00}.Debug|Any CPU.Build.0 = Debug|Any CPU
		{98BF50F1-BD21-42D8-AD3D-DEBED082BC00}.Release|Any CPU.ActiveCfg = Release|Any CPU
		{98BF50F1-BD21-42D8-AD3D-DEBED082BC00}.Release|Any CPU.Build.0 = Release|Any CPU
	EndGlobalSection
	GlobalSection(SolutionProperties) = preSolution
		HideSolutionNode = FALSE
	EndGlobalSection
	GlobalSection(ExtensibilityGlobals) = postSolution
		SolutionGuid = {3E6A585A-2DC7-4AD8-9693-061453985D60}
	EndGlobalSection
EndGlobal
